<Solution>
  <Project Path="src/Cursinet.Api/Cursinet.Api.csproj" />
  <Project Path="src/Cursinet.Application/Cursinet.Application.csproj" />
  <Project Path="src/Cursinet.Domain/Cursinet.Domain.csproj" />
  <Project Path="src/Cursinet.Infrastructure/Cursinet.Infrastructure.csproj" />
  <Project Path="Tests/Api.Tests/Api.Tests.csproj" />
</Solution>
